// !$*UTF8*$!
{archiveVersion = 1; classes = {}; objectVersion = 56; objects = {
D22B132149A025610642FD1F = {isa = PBXFileReference; lastKnownFileType = sourcecode.swift; path = AppModel.swift; sourceTree = "<group>";};
6DCD2CA582FA5891CAE9FA7A = {isa = PBXBuildFile; fileRef = D22B132149A025610642FD1F;};
BA991111C5D89B2247FB7668 = {isa = PBXFileReference; lastKnownFileType = sourcecode.swift; path = KeepAliveAudio.swift; sourceTree = "<group>";};
7D9A5B0B223314FA3DC057AC = {isa = PBXBuildFile; fileRef = BA991111C5D89B2247FB7668;};
C7F35886C2218AB43829E37E = {isa = PBXFileReference; lastKnownFileType = sourcecode.swift; path = MenuView.swift; sourceTree = "<group>";};
B11F51D41CCF05B7A5573908 = {isa = PBXBuildFile; fileRef = C7F35886C2218AB43829E37E;};
2232E709493550087B1DEBE6 = {isa = PBXFileReference; lastKnownFileType = sourcecode.swift; path = NoPopApp.swift; sourceTree = "<group>";};
473FD365F1B05BF99BBBB1D7 = {isa = PBXBuildFile; fileRef = 2232E709493550087B1DEBE6;};
54D75BA07FB2E445D372B603 = {isa = PBXFileReference; lastKnownFileType = sourcecode.swift; path = NoiseSignal.swift; sourceTree = "<group>";};
9AB4B4C2CB65AFD35481AF4D = {isa = PBXBuildFile; fileRef = 54D75BA07FB2E445D372B603;};
BE65BBDBD16EC8EB2E2F4512 = {isa = PBXFileReference; lastKnownFileType = sourcecode.swift; path = SystemMonitor.swift; sourceTree = "<group>";};
8321452BDADF1EFA4C98B88C = {isa = PBXBuildFile; fileRef = BE65BBDBD16EC8EB2E2F4512;};
ADC5877FB1DA7D50EEC1C7B3 = {isa = PBXFileReference; lastKnownFileType = text.plist.entitlements; path = NoPop.entitlements; sourceTree = "<group>";};
C2D4B446A44CE54FAB8E0115 = {isa = PBXFileReference; lastKnownFileType = image.icns; path = NoPop.icns; sourceTree = "<group>";};
4EED28C5B2A81EE7A7A803CA = {isa = PBXBuildFile; fileRef = C2D4B446A44CE54FAB8E0115;};
A56472E961F58FFFAE622D5B = {isa = PBXFileReference; lastKnownFileType = sourcecode.swift; path = NoPopTests.swift; sourceTree = "<group>";};
587854A59EFBF8969CAFD37F = {isa = PBXBuildFile; fileRef = A56472E961F58FFFAE622D5B;};
A172CEDCAE47474B615C54D5 = {isa = PBXFileReference; explicitFileType = wrapper.application; path = NoPop.app; sourceTree = BUILT_PRODUCTS_DIR;};
4FF6303B0C4A88C0BEB95A1A = {isa = PBXFileReference; explicitFileType = wrapper.cfbundle; path = NoPopTests.xctest; sourceTree = BUILT_PRODUCTS_DIR;};
F810A3947224DC074E90BB0D = {isa = PBXGroup; children = (D22B132149A025610642FD1F, BA991111C5D89B2247FB7668, C7F35886C2218AB43829E37E, 2232E709493550087B1DEBE6, 54D75BA07FB2E445D372B603, BE65BBDBD16EC8EB2E2F4512, ADC5877FB1DA7D50EEC1C7B3, C2D4B446A44CE54FAB8E0115,); path = NoPop; sourceTree = "<group>";};
781CAA6738A604344AE86EE3 = {isa = PBXGroup; children = (A56472E961F58FFFAE622D5B,); path = NoPopTests; sourceTree = "<group>";};
0A3E27B8CA818264D75C8D81 = {isa = PBXGroup; children = (A172CEDCAE47474B615C54D5, 4FF6303B0C4A88C0BEB95A1A,); name = Products; sourceTree = "<group>";};
0D6E4079E36703EBD37C0072 = {isa = PBXGroup; children = (F810A3947224DC074E90BB0D, 781CAA6738A604344AE86EE3, 0A3E27B8CA818264D75C8D81,); sourceTree = "<group>";};
878A52FC5FF6A57D50B7B870 = {isa = PBXSourcesBuildPhase; buildActionMask = 2147483647; files = (6DCD2CA582FA5891CAE9FA7A, 7D9A5B0B223314FA3DC057AC, B11F51D41CCF05B7A5573908, 473FD365F1B05BF99BBBB1D7, 9AB4B4C2CB65AFD35481AF4D, 8321452BDADF1EFA4C98B88C,); runOnlyForDeploymentPostprocessing = 0;};
E2AA269EB967A8853A258BFA = {isa = PBXFrameworksBuildPhase; buildActionMask = 2147483647; files = (); runOnlyForDeploymentPostprocessing = 0;};
41D311A605520FC7B8B9A980 = {isa = PBXResourcesBuildPhase; buildActionMask = 2147483647; files = (4EED28C5B2A81EE7A7A803CA,); runOnlyForDeploymentPostprocessing = 0;};
798B65A4B63A4D08FDD4C755 = {isa = PBXSourcesBuildPhase; buildActionMask = 2147483647; files = (587854A59EFBF8969CAFD37F,); runOnlyForDeploymentPostprocessing = 0;};
497639E2F38DB3F946CE62A2 = {isa = PBXFrameworksBuildPhase; buildActionMask = 2147483647; files = (); runOnlyForDeploymentPostprocessing = 0;};
73EBF6644258C120893E685D = {isa = XCBuildConfiguration; buildSettings = {MACOSX_DEPLOYMENT_TARGET = 13.0; SDKROOT = macosx; SWIFT_VERSION = 5.0; CLANG_ENABLE_MODULES = YES; SWIFT_STRICT_CONCURRENCY = targeted; CODE_SIGN_IDENTITY = "-"; CODE_SIGN_STYLE = Manual; GCC_GENERATE_DEBUGGING_SYMBOLS = NO; SWIFT_SERIALIZE_DEBUGGING_OPTIONS = NO; SWIFT_OPTIMIZATION_LEVEL = "-Onone"; DEBUG_INFORMATION_FORMAT = dwarf; ENABLE_TESTABILITY = YES; SWIFT_ACTIVE_COMPILATION_CONDITIONS = DEBUG;}; name = Debug;};
0B0C687DF8B6B8DC790B519C = {isa = XCBuildConfiguration; buildSettings = {MACOSX_DEPLOYMENT_TARGET = 13.0; SDKROOT = macosx; SWIFT_VERSION = 5.0; CLANG_ENABLE_MODULES = YES; SWIFT_STRICT_CONCURRENCY = targeted; CODE_SIGN_IDENTITY = "-"; CODE_SIGN_STYLE = Manual; GCC_GENERATE_DEBUGGING_SYMBOLS = NO; SWIFT_SERIALIZE_DEBUGGING_OPTIONS = NO; SWIFT_OPTIMIZATION_LEVEL = "-O"; DEBUG_INFORMATION_FORMAT = dwarf; ENABLE_TESTABILITY = NO; SWIFT_ACTIVE_COMPILATION_CONDITIONS = "";}; name = Release;};
76F8DEC3DFE0BDB465198890 = {isa = XCConfigurationList; buildConfigurations = (73EBF6644258C120893E685D, 0B0C687DF8B6B8DC790B519C,); defaultConfigurationIsVisible = 0; defaultConfigurationName = Release;};
834208523878C3528B39DFB0 = {isa = XCBuildConfiguration; buildSettings = {PRODUCT_NAME = "$(TARGET_NAME)"; PRODUCT_BUNDLE_IDENTIFIER = org.nopop.app; GENERATE_INFOPLIST_FILE = YES; INFOPLIST_KEY_LSUIElement = YES; INFOPLIST_KEY_CFBundleDisplayName = NoPop; INFOPLIST_KEY_CFBundleIconFile = NoPop; INFOPLIST_KEY_LSApplicationCategoryType = "public.app-category.utilities"; CURRENT_PROJECT_VERSION = 1; MARKETING_VERSION = 1.0; CODE_SIGN_ENTITLEMENTS = NoPop/NoPop.entitlements; ENABLE_APP_SANDBOX = YES; ENABLE_HARDENED_RUNTIME = YES; COMBINE_HIDPI_IMAGES = YES; LD_RUNPATH_SEARCH_PATHS = "$(inherited) @executable_path/../Frameworks";}; name = Debug;};
5D95C8EA06937794DEE76139 = {isa = XCBuildConfiguration; buildSettings = {PRODUCT_NAME = "$(TARGET_NAME)"; PRODUCT_BUNDLE_IDENTIFIER = org.nopop.app; GENERATE_INFOPLIST_FILE = YES; INFOPLIST_KEY_LSUIElement = YES; INFOPLIST_KEY_CFBundleDisplayName = NoPop; INFOPLIST_KEY_CFBundleIconFile = NoPop; INFOPLIST_KEY_LSApplicationCategoryType = "public.app-category.utilities"; CURRENT_PROJECT_VERSION = 1; MARKETING_VERSION = 1.0; CODE_SIGN_ENTITLEMENTS = NoPop/NoPop.entitlements; ENABLE_APP_SANDBOX = YES; ENABLE_HARDENED_RUNTIME = YES; COMBINE_HIDPI_IMAGES = YES; LD_RUNPATH_SEARCH_PATHS = "$(inherited) @executable_path/../Frameworks";}; name = Release;};
F4A8043BAFE3E67B605A2664 = {isa = XCConfigurationList; buildConfigurations = (834208523878C3528B39DFB0, 5D95C8EA06937794DEE76139,); defaultConfigurationIsVisible = 0; defaultConfigurationName = Release;};
EEA38D8D5A3E0D34C3A96A0F = {isa = XCBuildConfiguration; buildSettings = {PRODUCT_NAME = "$(TARGET_NAME)"; PRODUCT_BUNDLE_IDENTIFIER = org.nopop.tests; MACOSX_DEPLOYMENT_TARGET = 14.0; GENERATE_INFOPLIST_FILE = YES; TEST_HOST = "$(BUILT_PRODUCTS_DIR)/NoPop.app/Contents/MacOS/NoPop"; BUNDLE_LOADER = "$(TEST_HOST)"; LD_RUNPATH_SEARCH_PATHS = "$(inherited) @executable_path/../Frameworks @loader_path/../Frameworks";}; name = Debug;};
59E87F3C277CF0EAFFCDDF74 = {isa = XCBuildConfiguration; buildSettings = {PRODUCT_NAME = "$(TARGET_NAME)"; PRODUCT_BUNDLE_IDENTIFIER = org.nopop.tests; MACOSX_DEPLOYMENT_TARGET = 14.0; GENERATE_INFOPLIST_FILE = YES; TEST_HOST = "$(BUILT_PRODUCTS_DIR)/NoPop.app/Contents/MacOS/NoPop"; BUNDLE_LOADER = "$(TEST_HOST)"; LD_RUNPATH_SEARCH_PATHS = "$(inherited) @executable_path/../Frameworks @loader_path/../Frameworks";}; name = Release;};
E27FF51640A2AF6CD7223482 = {isa = XCConfigurationList; buildConfigurations = (EEA38D8D5A3E0D34C3A96A0F, 59E87F3C277CF0EAFFCDDF74,); defaultConfigurationIsVisible = 0; defaultConfigurationName = Release;};
1241936D4DD3AAD68FE7BFBD = {isa = PBXContainerItemProxy; containerPortal = 244210E48437B6556980A702; proxyType = 1; remoteGlobalIDString = 34A04005BCAF206EEC990BD9; remoteInfo = NoPop;};
8CE3E71EF8635D2BF27913BB = {isa = PBXTargetDependency; target = 34A04005BCAF206EEC990BD9; targetProxy = 1241936D4DD3AAD68FE7BFBD;};
34A04005BCAF206EEC990BD9 = {isa = PBXNativeTarget; buildConfigurationList = F4A8043BAFE3E67B605A2664; buildPhases = (878A52FC5FF6A57D50B7B870, E2AA269EB967A8853A258BFA, 41D311A605520FC7B8B9A980,); buildRules = (); dependencies = (); name = NoPop; productName = NoPop; productReference = A172CEDCAE47474B615C54D5; productType = "com.apple.product-type.application";};
E5B4A42C1A9B11F842B19C64 = {isa = PBXNativeTarget; buildConfigurationList = E27FF51640A2AF6CD7223482; buildPhases = (798B65A4B63A4D08FDD4C755, 497639E2F38DB3F946CE62A2,); buildRules = (); dependencies = (8CE3E71EF8635D2BF27913BB,); name = NoPopTests; productName = NoPopTests; productReference = 4FF6303B0C4A88C0BEB95A1A; productType = "com.apple.product-type.bundle.unit-test";};
244210E48437B6556980A702 = {isa = PBXProject; attributes = {BuildIndependentTargetsInParallel = YES; LastUpgradeCheck = 2600;}; buildConfigurationList = 76F8DEC3DFE0BDB465198890; compatibilityVersion = "Xcode 14.0"; developmentRegion = en; hasScannedForEncodings = 0; knownRegions = (en, Base); mainGroup = 0D6E4079E36703EBD37C0072; productRefGroup = 0A3E27B8CA818264D75C8D81; projectDirPath = ""; projectRoot = ""; targets = (34A04005BCAF206EEC990BD9, E5B4A42C1A9B11F842B19C64,);};
}; rootObject = 244210E48437B6556980A702;}
